
Microsoft Visual Studio Solution File, Format Version 12.00
Project("{FAE04EC0-301F-11D3-BF4B-00C04F79EFBC}") = "DotNetChunkUpload", "DotNetChunkUpload.csproj", "{75B23657-85EA-4C85-BB6F-C8585634017B}"
EndProject
Global
	GlobalSection(SolutionConfigurationPlatforms) = preSolution
		Debug|Any CPU = Debug|Any CPU
		Release|Any CPU = Release|Any CPU
	EndGlobalSection
	GlobalSection(ProjectConfigurationPlatforms) = postSolution
		{75B23657-85EA-4C85-BB6F-C8585634017B}.Debug|Any CPU.ActiveCfg = Debug|Any CPU
		{75B23657-85EA-4C85-BB6F-C8585634017B}.Debug|Any CPU.Build.0 = Debug|Any CPU
		{75B23657-85EA-4C85-BB6F-C8585634017B}.Release|Any CPU.ActiveCfg = Release|Any CPU
		{75B23657-85EA-4C85-BB6F-C8585634017B}.Release|Any CPU.Build.0 = Release|Any CPU
	EndGlobalSection
EndGlobal
